
Microsoft Visual Studio Solution File, Format Version 12.00
# Visual Studio 15
VisualStudioVersion = 15.0.26228.12
MinimumVisualStudioVersion = 10.0.40219.1
Project("{FAE04EC0-301F-11D3-BF4B-00C04F79EFBC}") = "Week1Task1", "Week1Task1.csproj", "{DD0C3AC9-8AB5-4529-B004-075DE10D543D}"
EndProject
Project("{FAE04EC0-301F-11D3-BF4B-00C04F79EFBC}") = "Week1Task2", "..\Week1Task2\Week1Task2.csproj", "{D1B5517A-87A0-4A80-A063-C0E30F666262}"
EndProject
Project("{FAE04EC0-301F-11D3-BF4B-00C04F79EFBC}") = "Week1Task3", "Week1Task3\Week1Task3.csproj", "{8B9335BD-8BB9-470D-87F3-6652C12D642D}"
EndProject
Project("{FAE04EC0-301F-11D3-BF4B-00C04F79EFBC}") = "Week1Task4", "Week1Task4\Week1Task4.csproj", "{39EE09CC-2E04-46A6-B4B1-95B290192C2A}"
EndProject
Project("{FAE04EC0-301F-11D3-BF4B-00C04F79EFBC}") = "Week1Task5", "Week1Task5\Week1Task5.csproj", "{6A7D5B97-76D2-479F-842C-4463A7B9D65E}"
EndProject
Project("{FAE04EC0-301F-11D3-BF4B-00C04F79EFBC}") = "Week2Task1", "..\Week2Task1\Week2Task1.csproj", "{5FE0483C-A1A8-49AA-960C-3B8F34289A1D}"
EndProject
Project("{FAE04EC0-301F-11D3-BF4B-00C04F79EFBC}") = "Week2Task2", "..\Week2Task2\Week2Task2.csproj", "{0205571A-2B5F-4172-AD71-F870E8759D15}"
EndProject
Project("{FAE04EC0-301F-11D3-BF4B-00C04F79EFBC}") = "Week2Task4", "..\Week2Task4\Week2Task4.csproj", "{F9E4A075-C019-4867-A628-B13F43098189}"
EndProject
Project("{FAE04EC0-301F-11D3-BF4B-00C04F79EFBC}") = "Week2Task3", "..\Week2Task3\Week2Task3.csproj", "{428D3646-2A47-45A4-AD78-C0E4F29C61C5}"
EndProject
Project("{FAE04EC0-301F-11D3-BF4B-00C04F79EFBC}") = "Week3Task1", "..\Week3Task1\Week3Task1.csproj", "{AB069B80-AF82-472E-A4C2-818E8D4B36AD}"
EndProject
Project("{FAE04EC0-301F-11D3-BF4B-00C04F79EFBC}") = "Week4Task1", "..\Week4Task1\Week4Task1.csproj", "{ADF59A6A-6866-4F83-BB69-3A59DFFBB986}"
EndProject
Project("{FAE04EC0-301F-11D3-BF4B-00C04F79EFBC}") = "Week4Task2", "Week4Task2\Week4Task2.csproj", "{CAB7F4BC-54DD-4E49-9058-54042540ED20}"
EndProject
Project("{FAE04EC0-301F-11D3-BF4B-00C04F79EFBC}") = "Week4Task3", "..\Week4Task3\Week4Task3.csproj", "{44E241D9-270F-4DCE-B37F-2ED17B8B2B3D}"
EndProject
Project("{FAE04EC0-301F-11D3-BF4B-00C04F79EFBC}") = "Week4Task4", "Week4Task4\Week4Task4.csproj", "{0AF38885-9CCC-499E-A0CF-78514B0AB4B1}"
EndProject
Project("{FAE04EC0-301F-11D3-BF4B-00C04F79EFBC}") = "Week4Task6", "..\Week4Task6\Week4Task6.csproj", "{131FB288-60F7-4F90-9706-272CD7188912}"
EndProject
Project("{FAE04EC0-301F-11D3-BF4B-00C04F79EFBC}") = "Week4Task5", "Week4Task5\Week4Task5.csproj", "{3107B032-6DD1-4868-A37A-E4E630BA2B3E}"
EndProject
Project("{FAE04EC0-301F-11D3-BF4B-00C04F79EFBC}") = "Week5Task1", "..\Week5Task1\Week5Task1.csproj", "{C46217A7-DCF4-42B6-AEE1-560692463349}"
EndProject
Project("{FAE04EC0-301F-11D3-BF4B-00C04F79EFBC}") = "Week5Task2", "..\Week5Task2\Week5Task2.csproj", "{3517E1D4-7789-42D3-A241-4C33425EA3C1}"
EndProject
Global
	GlobalSection(SolutionConfigurationPlatforms) = preSolution
		Debug|Any CPU = Debug|Any CPU
		Release|Any CPU = Release|Any CPU
	EndGlobalSection
	GlobalSection(ProjectConfigurationPlatforms) = postSolution
		{DD0C3AC9-8AB5-4529-B004-075DE10D543D}.Debug|Any CPU.ActiveCfg = Debug|Any CPU
		{DD0C3AC9-8AB5-4529-B004-075DE10D543D}.Debug|Any CPU.Build.0 = Debug|Any CPU
		{DD0C3AC9-8AB5-4529-B004-075DE10D543D}.Release|Any CPU.ActiveCfg = Release|Any CPU
		{DD0C3AC9-8AB5-4529-B004-075DE10D543D}.Release|Any CPU.Build.0 = Release|Any CPU
		{D1B5517A-87A0-4A80-A063-C0E30F666262}.Debug|Any CPU.ActiveCfg = Debug|Any CPU
		{D1B5517A-87A0-4A80-A063-C0E30F666262}.Debug|Any CPU.Build.0 = Debug|Any CPU
		{D1B5517A-87A0-4A80-A063-C0E30F666262}.Release|Any CPU.ActiveCfg = Release|Any CPU
		{D1B5517A-87A0-4A80-A063-C0E30F666262}.Release|Any CPU.Build.0 = Release|Any CPU
		{8B9335BD-8BB9-470D-87F3-6652C12D642D}.Debug|Any CPU.ActiveCfg = Debug|Any CPU
		{8B9335BD-8BB9-470D-87F3-6652C12D642D}.Debug|Any CPU.Build.0 = Debug|Any CPU
		{8B9335BD-8BB9-470D-87F3-6652C12D642D}.Release|Any CPU.ActiveCfg = Release|Any CPU
		{8B9335BD-8BB9-470D-87F3-6652C12D642D}.Release|Any CPU.Build.0 = Release|Any CPU
		{39EE09CC-2E04-46A6-B4B1-95B290192C2A}.Debug|Any CPU.ActiveCfg = Debug|Any CPU
		{39EE09CC-2E04-46A6-B4B1-95B290192C2A}.Debug|Any CPU.Build.0 = Debug|Any CPU
		{39EE09CC-2E04-46A6-B4B1-95B290192C2A}.Release|Any CPU.ActiveCfg = Release|Any CPU
		{39EE09CC-2E04-46A6-B4B1-95B290192C2A}.Release|Any CPU.Build.0 = Release|Any CPU
		{6A7D5B97-76D2-479F-842C-4463A7B9D65E}.Debug|Any CPU.ActiveCfg = Debug|Any CPU
		{6A7D5B97-76D2-479F-842C-4463A7B9D65E}.Debug|Any CPU.Build.0 = Debug|Any CPU
		{6A7D5B97-76D2-479F-842C-4463A7B9D65E}.Release|Any CPU.ActiveCfg = Release|Any CPU
		{6A7D5B97-76D2-479F-842C-4463A7B9D65E}.Release|Any CPU.Build.0 = Release|Any CPU
		{5FE0483C-A1A8-49AA-960C-3B8F34289A1D}.Debug|Any CPU.ActiveCfg = Debug|Any CPU
		{5FE0483C-A1A8-49AA-960C-3B8F34289A1D}.Debug|Any CPU.Build.0 = Debug|Any CPU
		{5FE0483C-A1A8-49AA-960C-3B8F34289A1D}.Release|Any CPU.ActiveCfg = Release|Any CPU
		{5FE0483C-A1A8-49AA-960C-3B8F34289A1D}.Release|Any CPU.Build.0 = Release|Any CPU
		{0205571A-2B5F-4172-AD71-F870E8759D15}.Debug|Any CPU.ActiveCfg = Debug|Any CPU
		{0205571A-2B5F-4172-AD71-F870E8759D15}.Debug|Any CPU.Build.0 = Debug|Any CPU
		{0205571A-2B5F-4172-AD71-F870E8759D15}.Release|Any CPU.ActiveCfg = Release|Any CPU
		{0205571A-2B5F-4172-AD71-F870E8759D15}.Release|Any CPU.Build.0 = Release|Any CPU
		{F9E4A075-C019-4867-A628-B13F43098189}.Debug|Any CPU.ActiveCfg = Debug|Any CPU
		{F9E4A075-C019-4867-A628-B13F43098189}.Debug|Any CPU.Build.0 = Debug|Any CPU
		{F9E4A075-C019-4867-A628-B13F43098189}.Release|Any CPU.ActiveCfg = Release|Any CPU
		{F9E4A075-C019-4867-A628-B13F43098189}.Release|Any CPU.Build.0 = Release|Any CPU
		{428D3646-2A47-45A4-AD78-C0E4F29C61C5}.Debug|Any CPU.ActiveCfg = Debug|Any CPU
		{428D3646-2A47-45A4-AD78-C0E4F29C61C5}.Debug|Any CPU.Build.0 = Debug|Any CPU
		{428D3646-2A47-45A4-AD78-C0E4F29C61C5}.Release|Any CPU.ActiveCfg = Release|Any CPU
		{428D3646-2A47-45A4-AD78-C0E4F29C61C5}.Release|Any CPU.Build.0 = Release|Any CPU
		{AB069B80-AF82-472E-A4C2-818E8D4B36AD}.Debug|Any CPU.ActiveCfg = Debug|Any CPU
		{AB069B80-AF82-472E-A4C2-818E8D4B36AD}.Debug|Any CPU.Build.0 = Debug|Any CPU
		{AB069B80-AF82-472E-A4C2-818E8D4B36AD}.Release|Any CPU.ActiveCfg = Release|Any CPU
		{AB069B80-AF82-472E-A4C2-818E8D4B36AD}.Release|Any CPU.Build.0 = Release|Any CPU
		{ADF59A6A-6866-4F83-BB69-3A59DFFBB986}.Debug|Any CPU.ActiveCfg = Debug|Any CPU
		{ADF59A6A-6866-4F83-BB69-3A59DFFBB986}.Debug|Any CPU.Build.0 = Debug|Any CPU
		{ADF59A6A-6866-4F83-BB69-3A59DFFBB986}.Release|Any CPU.ActiveCfg = Release|Any CPU
		{ADF59A6A-6866-4F83-BB69-3A59DFFBB986}.Release|Any CPU.Build.0 = Release|Any CPU
		{CAB7F4BC-54DD-4E49-9058-54042540ED20}.Debug|Any CPU.ActiveCfg = Debug|Any CPU
		{CAB7F4BC-54DD-4E49-9058-54042540ED20}.Debug|Any CPU.Build.0 = Debug|Any CPU
		{CAB7F4BC-54DD-4E49-9058-54042540ED20}.Release|Any CPU.ActiveCfg = Release|Any CPU
		{CAB7F4BC-54DD-4E49-9058-54042540ED20}.Release|Any CPU.Build.0 = Release|Any CPU
		{44E241D9-270F-4DCE-B37F-2ED17B8B2B3D}.Debug|Any CPU.ActiveCfg = Debug|Any CPU
		{44E241D9-270F-4DCE-B37F-2ED17B8B2B3D}.Debug|Any CPU.Build.0 = Debug|Any CPU
		{44E241D9-270F-4DCE-B37F-2ED17B8B2B3D}.Release|Any CPU.ActiveCfg = Release|Any CPU
		{44E241D9-270F-4DCE-B37F-2ED17B8B2B3D}.Release|Any CPU.Build.0 = Release|Any CPU
		{0AF38885-9CCC-499E-A0CF-78514B0AB4B1}.Debug|Any CPU.ActiveCfg = Debug|Any CPU
		{0AF38885-9CCC-499E-A0CF-78514B0AB4B1}.Debug|Any CPU.Build.0 = Debug|Any CPU
		{0AF38885-9CCC-499E-A0CF-78514B0AB4B1}.Release|Any CPU.ActiveCfg = Release|Any CPU
		{0AF38885-9CCC-499E-A0CF-78514B0AB4B1}.Release|Any CPU.Build.0 = Release|Any CPU
		{131FB288-60F7-4F90-9706-272CD7188912}.Debug|Any CPU.ActiveCfg = Debug|Any CPU
		{131FB288-60F7-4F90-9706-272CD7188912}.Debug|Any CPU.Build.0 = Debug|Any CPU
		{131FB288-60F7-4F90-9706-272CD7188912}.Release|Any CPU.ActiveCfg = Release|Any CPU
		{131FB288-60F7-4F90-9706-272CD7188912}.Release|Any CPU.Build.0 = Release|Any CPU
		{3107B032-6DD1-4868-A37A-E4E630BA2B3E}.Debug|Any CPU.ActiveCfg = Debug|Any CPU
		{3107B032-6DD1-4868-A37A-E4E630BA2B3E}.Debug|Any CPU.Build.0 = Debug|Any CPU
		{3107B032-6DD1-4868-A37A-E4E630BA2B3E}.Release|Any CPU.ActiveCfg = Release|Any CPU
		{3107B032-6DD1-4868-A37A-E4E630BA2B3E}.Release|Any CPU.Build.0 = Release|Any CPU
		{C46217A7-DCF4-42B6-AEE1-560692463349}.Debug|Any CPU.ActiveCfg = Debug|Any CPU
		{C46217A7-DCF4-42B6-AEE1-560692463349}.Debug|Any CPU.Build.0 = Debug|Any CPU
		{C46217A7-DCF4-42B6-AEE1-560692463349}.Release|Any CPU.ActiveCfg = Release|Any CPU
		{C46217A7-DCF4-42B6-AEE1-560692463349}.Release|Any CPU.Build.0 = Release|Any CPU
		{3517E1D4-7789-42D3-A241-4C33425EA3C1}.Debug|Any CPU.ActiveCfg = Debug|Any CPU
		{3517E1D4-7789-42D3-A241-4C33425EA3C1}.Debug|Any CPU.Build.0 = Debug|Any CPU
		{3517E1D4-7789-42D3-A241-4C33425EA3C1}.Release|Any CPU.ActiveCfg = Release|Any CPU
		{3517E1D4-7789-42D3-A241-4C33425EA3C1}.Release|Any CPU.Build.0 = Release|Any CPU
	EndGlobalSection
	GlobalSection(SolutionProperties) = preSolution
		HideSolutionNode = FALSE
	EndGlobalSection
EndGlobal
